// !$*UTF8*$!
{
	archiveVersion = 1;
	classes = {
	};
	objectVersion = 46;
	objects = {

/* Begin PBXBuildFile section */
		72D1928A1B8FF9F70035CE11 /* InfoHelperView.swift in Sources */ = {isa = PBXBuildFile; fileRef = 72D192891B8FF9F70035CE11 /* InfoHelperView.swift */; };
		72E8E77A1B7B70720011FE47 /* AppDelegate.swift in Sources */ = {isa = PBXBuildFile; fileRef = 72E8E7791B7B70720011FE47 /* AppDelegate.swift */; };
		72E8E77D1B7B70720011FE47 /* PlaceInTime.xcdatamodeld in Sources */ = {isa = PBXBuildFile; fileRef = 72E8E77B1B7B70720011FE47 /* PlaceInTime.xcdatamodeld */; };
		72E8E77F1B7B70720011FE47 /* MainMenuController.swift in Sources */ = {isa = PBXBuildFile; fileRef = 72E8E77E1B7B70720011FE47 /* MainMenuController.swift */; };
		72E8E7821B7B70720011FE47 /* Main.storyboard in Resources */ = {isa = PBXBuildFile; fileRef = 72E8E7801B7B70720011FE47 /* Main.storyboard */; };
		72E8E7841B7B70720011FE47 /* Images.xcassets in Resources */ = {isa = PBXBuildFile; fileRef = 72E8E7831B7B70720011FE47 /* Images.xcassets */; };
		72E8E7871B7B70720011FE47 /* LaunchScreen.xib in Resources */ = {isa = PBXBuildFile; fileRef = 72E8E7851B7B70720011FE47 /* LaunchScreen.xib */; };
		72E8E7931B7B70720011FE47 /* PlaceInTimeTests.swift in Sources */ = {isa = PBXBuildFile; fileRef = 72E8E7921B7B70720011FE47 /* PlaceInTimeTests.swift */; };
		72E8E79E1B7B73470011FE47 /* TagCheckView.swift in Sources */ = {isa = PBXBuildFile; fileRef = 72E8E79D1B7B73470011FE47 /* TagCheckView.swift */; };
		72E8E7A01B7B73520011FE47 /* TagCheckScrollview.swift in Sources */ = {isa = PBXBuildFile; fileRef = 72E8E79F1B7B73520011FE47 /* TagCheckScrollview.swift */; };
		72E8E7A21B7B73D90011FE47 /* DataHandler.swift in Sources */ = {isa = PBXBuildFile; fileRef = 72E8E7A11B7B73D90011FE47 /* DataHandler.swift */; };
		72E8E7A51B7B75FF0011FE47 /* HistoricEvent.swift in Sources */ = {isa = PBXBuildFile; fileRef = 72E8E7A41B7B75FF0011FE47 /* HistoricEvent.swift */; };
		72E8E7A71B7B762C0011FE47 /* StaticValues.swift in Sources */ = {isa = PBXBuildFile; fileRef = 72E8E7A61B7B762C0011FE47 /* StaticValues.swift */; };
		72E8E7A91B7B7A050011FE47 /* GameStats.swift in Sources */ = {isa = PBXBuildFile; fileRef = 72E8E7A81B7B7A050011FE47 /* GameStats.swift */; };
		72E8E7AB1B7B7AA00011FE47 /* PlayViewController.swift in Sources */ = {isa = PBXBuildFile; fileRef = 72E8E7AA1B7B7AA00011FE47 /* PlayViewController.swift */; };
		72E8E7AD1B7DFD220011FE47 /* Card.swift in Sources */ = {isa = PBXBuildFile; fileRef = 72E8E7AC1B7DFD220011FE47 /* Card.swift */; };
		72E8E7AF1B7E03AA0011FE47 /* back.png in Resources */ = {isa = PBXBuildFile; fileRef = 72E8E7AE1B7E03AA0011FE47 /* back.png */; };
		72E8E7B11B7E6A220011FE47 /* GameData.plist in Resources */ = {isa = PBXBuildFile; fileRef = 72E8E7B01B7E6A220011FE47 /* GameData.plist */; };
		72E8E7B31B8170FC0011FE47 /* DropZoneView.swift in Sources */ = {isa = PBXBuildFile; fileRef = 72E8E7B21B8170FC0011FE47 /* DropZoneView.swift */; };
/* End PBXBuildFile section */

/* Begin PBXContainerItemProxy section */
		72E8E78D1B7B70720011FE47 /* PBXContainerItemProxy */ = {
			isa = PBXContainerItemProxy;
			containerPortal = 72E8E76C1B7B70720011FE47 /* Project object */;
			proxyType = 1;
			remoteGlobalIDString = 72E8E7731B7B70720011FE47;
			remoteInfo = PlaceInTime;
		};
/* End PBXContainerItemProxy section */

/* Begin PBXFileReference section */
		72D192891B8FF9F70035CE11 /* InfoHelperView.swift */ = {isa = PBXFileReference; fileEncoding = 4; lastKnownFileType = sourcecode.swift; path = InfoHelperView.swift; sourceTree = "<group>"; };
		72E8E7741B7B70720011FE47 /* PlaceInTime.app */ = {isa = PBXFileReference; explicitFileType = wrapper.application; includeInIndex = 0; path = PlaceInTime.app; sourceTree = BUILT_PRODUCTS_DIR; };
		72E8E7781B7B70720011FE47 /* Info.plist */ = {isa = PBXFileReference; lastKnownFileType = text.plist.xml; path = Info.plist; sourceTree = "<group>"; };
		72E8E7791B7B70720011FE47 /* AppDelegate.swift */ = {isa = PBXFileReference; lastKnownFileType = sourcecode.swift; path = AppDelegate.swift; sourceTree = "<group>"; };
		72E8E77C1B7B70720011FE47 /* PlaceInTime.xcdatamodel */ = {isa = PBXFileReference; lastKnownFileType = wrapper.xcdatamodel; path = PlaceInTime.xcdatamodel; sourceTree = "<group>"; };
		72E8E77E1B7B70720011FE47 /* MainMenuController.swift */ = {isa = PBXFileReference; lastKnownFileType = sourcecode.swift; path = MainMenuController.swift; sourceTree = "<group>"; };
		72E8E7811B7B70720011FE47 /* Base */ = {isa = PBXFileReference; lastKnownFileType = file.storyboard; name = Base; path = Base.lproj/Main.storyboard; sourceTree = "<group>"; };
		72E8E7831B7B70720011FE47 /* Images.xcassets */ = {isa = PBXFileReference; lastKnownFileType = folder.assetcatalog; path = Images.xcassets; sourceTree = "<group>"; };
		72E8E7861B7B70720011FE47 /* Base */ = {isa = PBXFileReference; lastKnownFileType = file.xib; name = Base; path = Base.lproj/LaunchScreen.xib; sourceTree = "<group>"; };
		72E8E78C1B7B70720011FE47 /* PlaceInTimeTests.xctest */ = {isa = PBXFileReference; explicitFileType = wrapper.cfbundle; includeInIndex = 0; path = PlaceInTimeTests.xctest; sourceTree = BUILT_PRODUCTS_DIR; };
		72E8E7911B7B70720011FE47 /* Info.plist */ = {isa = PBXFileReference; lastKnownFileType = text.plist.xml; path = Info.plist; sourceTree = "<group>"; };
		72E8E7921B7B70720011FE47 /* PlaceInTimeTests.swift */ = {isa = PBXFileReference; lastKnownFileType = sourcecode.swift; path = PlaceInTimeTests.swift; sourceTree = "<group>"; };
		72E8E79D1B7B73470011FE47 /* TagCheckView.swift */ = {isa = PBXFileReference; fileEncoding = 4; lastKnownFileType = sourcecode.swift; path = TagCheckView.swift; sourceTree = "<group>"; };
		72E8E79F1B7B73520011FE47 /* TagCheckScrollview.swift */ = {isa = PBXFileReference; fileEncoding = 4; lastKnownFileType = sourcecode.swift; path = TagCheckScrollview.swift; sourceTree = "<group>"; };
		72E8E7A11B7B73D90011FE47 /* DataHandler.swift */ = {isa = PBXFileReference; fileEncoding = 4; lastKnownFileType = sourcecode.swift; path = DataHandler.swift; sourceTree = "<group>"; };
		72E8E7A41B7B75FF0011FE47 /* HistoricEvent.swift */ = {isa = PBXFileReference; fileEncoding = 4; lastKnownFileType = sourcecode.swift; path = HistoricEvent.swift; sourceTree = "<group>"; };
		72E8E7A61B7B762C0011FE47 /* StaticValues.swift */ = {isa = PBXFileReference; fileEncoding = 4; lastKnownFileType = sourcecode.swift; path = StaticValues.swift; sourceTree = "<group>"; };
		72E8E7A81B7B7A050011FE47 /* GameStats.swift */ = {isa = PBXFileReference; fileEncoding = 4; lastKnownFileType = sourcecode.swift; path = GameStats.swift; sourceTree = "<group>"; };
		72E8E7AA1B7B7AA00011FE47 /* PlayViewController.swift */ = {isa = PBXFileReference; fileEncoding = 4; lastKnownFileType = sourcecode.swift; path = PlayViewController.swift; sourceTree = "<group>"; };
		72E8E7AC1B7DFD220011FE47 /* Card.swift */ = {isa = PBXFileReference; fileEncoding = 4; lastKnownFileType = sourcecode.swift; path = Card.swift; sourceTree = "<group>"; };
		72E8E7AE1B7E03AA0011FE47 /* back.png */ = {isa = PBXFileReference; lastKnownFileType = image.png; path = back.png; sourceTree = "<group>"; };
		72E8E7B01B7E6A220011FE47 /* GameData.plist */ = {isa = PBXFileReference; fileEncoding = 4; lastKnownFileType = text.plist.xml; path = GameData.plist; sourceTree = "<group>"; };
		72E8E7B21B8170FC0011FE47 /* DropZoneView.swift */ = {isa = PBXFileReference; fileEncoding = 4; lastKnownFileType = sourcecode.swift; path = DropZoneView.swift; sourceTree = "<group>"; };
/* End PBXFileReference section */

/* Begin PBXFrameworksBuildPhase section */
		72E8E7711B7B70720011FE47 /* Frameworks */ = {
			isa = PBXFrameworksBuildPhase;
			buildActionMask = 2147483647;
			files = (
			);
			runOnlyForDeploymentPostprocessing = 0;
		};
		72E8E7891B7B70720011FE47 /* Frameworks */ = {
			isa = PBXFrameworksBuildPhase;
			buildActionMask = 2147483647;
			files = (
			);
			runOnlyForDeploymentPostprocessing = 0;
		};
/* End PBXFrameworksBuildPhase section */

/* Begin PBXGroup section */
		72E8E76B1B7B70720011FE47 = {
			isa = PBXGroup;
			children = (
				72E8E7761B7B70720011FE47 /* PlaceInTime */,
				72E8E78F1B7B70720011FE47 /* PlaceInTimeTests */,
				72E8E7751B7B70720011FE47 /* Products */,
			);
			sourceTree = "<group>";
		};
		72E8E7751B7B70720011FE47 /* Products */ = {
			isa = PBXGroup;
			children = (
				72E8E7741B7B70720011FE47 /* PlaceInTime.app */,
				72E8E78C1B7B70720011FE47 /* PlaceInTimeTests.xctest */,
			);
			name = Products;
			sourceTree = "<group>";
		};
		72E8E7761B7B70720011FE47 /* PlaceInTime */ = {
			isa = PBXGroup;
			children = (
				72E8E7A31B7B74210011FE47 /* DataClasses */,
				72E8E79C1B7B73230011FE47 /* MainMenu */,
				72E8E7791B7B70720011FE47 /* AppDelegate.swift */,
				72E8E7801B7B70720011FE47 /* Main.storyboard */,
				72E8E7831B7B70720011FE47 /* Images.xcassets */,
				72E8E7851B7B70720011FE47 /* LaunchScreen.xib */,
				72E8E77B1B7B70720011FE47 /* PlaceInTime.xcdatamodeld */,
				72E8E7771B7B70720011FE47 /* Supporting Files */,
				72E8E7A11B7B73D90011FE47 /* DataHandler.swift */,
				72E8E7A61B7B762C0011FE47 /* StaticValues.swift */,
				72E8E7A81B7B7A050011FE47 /* GameStats.swift */,
				72E8E7AA1B7B7AA00011FE47 /* PlayViewController.swift */,
				72E8E7AC1B7DFD220011FE47 /* Card.swift */,
				72E8E7B21B8170FC0011FE47 /* DropZoneView.swift */,
				72D192891B8FF9F70035CE11 /* InfoHelperView.swift */,
			);
			path = PlaceInTime;
			sourceTree = "<group>";
		};
		72E8E7771B7B70720011FE47 /* Supporting Files */ = {
			isa = PBXGroup;
			children = (
				72E8E7AE1B7E03AA0011FE47 /* back.png */,
				72E8E7781B7B70720011FE47 /* Info.plist */,
				72E8E7B01B7E6A220011FE47 /* GameData.plist */,
			);
			name = "Supporting Files";
			sourceTree = "<group>";
		};
		72E8E78F1B7B70720011FE47 /* PlaceInTimeTests */ = {
			isa = PBXGroup;
			children = (
				72E8E7921B7B70720011FE47 /* PlaceInTimeTests.swift */,
				72E8E7901B7B70720011FE47 /* Supporting Files */,
			);
			path = PlaceInTimeTests;
			sourceTree = "<group>";
		};
		72E8E7901B7B70720011FE47 /* Supporting Files */ = {
			isa = PBXGroup;
			children = (
				72E8E7911B7B70720011FE47 /* Info.plist */,
			);
			name = "Supporting Files";
			sourceTree = "<group>";
		};
		72E8E79C1B7B73230011FE47 /* MainMenu */ = {
			isa = PBXGroup;
			children = (
				72E8E77E1B7B70720011FE47 /* MainMenuController.swift */,
				72E8E79D1B7B73470011FE47 /* TagCheckView.swift */,
				72E8E79F1B7B73520011FE47 /* TagCheckScrollview.swift */,
			);
			name = MainMenu;
			sourceTree = "<group>";
		};
		72E8E7A31B7B74210011FE47 /* DataClasses */ = {
			isa = PBXGroup;
			children = (
				72E8E7A41B7B75FF0011FE47 /* HistoricEvent.swift */,
			);
			name = DataClasses;
			sourceTree = "<group>";
		};
/* End PBXGroup section */

/* Begin PBXNativeTarget section */
		72E8E7731B7B70720011FE47 /* PlaceInTime */ = {
			isa = PBXNativeTarget;
			buildConfigurationList = 72E8E7961B7B70720011FE47 /* Build configuration list for PBXNativeTarget "PlaceInTime" */;
			buildPhases = (
				72E8E7701B7B70720011FE47 /* Sources */,
				72E8E7711B7B70720011FE47 /* Frameworks */,
				72E8E7721B7B70720011FE47 /* Resources */,
			);
			buildRules = (
			);
			dependencies = (
			);
			name = PlaceInTime;
			productName = PlaceInTime;
			productReference = 72E8E7741B7B70720011FE47 /* PlaceInTime.app */;
			productType = "com.apple.product-type.application";
		};
		72E8E78B1B7B70720011FE47 /* PlaceInTimeTests */ = {
			isa = PBXNativeTarget;
			buildConfigurationList = 72E8E7991B7B70720011FE47 /* Build configuration list for PBXNativeTarget "PlaceInTimeTests" */;
			buildPhases = (
				72E8E7881B7B70720011FE47 /* Sources */,
				72E8E7891B7B70720011FE47 /* Frameworks */,
				72E8E78A1B7B70720011FE47 /* Resources */,
			);
			buildRules = (
			);
			dependencies = (
				72E8E78E1B7B70720011FE47 /* PBXTargetDependency */,
			);
			name = PlaceInTimeTests;
			productName = PlaceInTimeTests;
			productReference = 72E8E78C1B7B70720011FE47 /* PlaceInTimeTests.xctest */;
			productType = "com.apple.product-type.bundle.unit-test";
		};
/* End PBXNativeTarget section */

/* Begin PBXProject section */
		72E8E76C1B7B70720011FE47 /* Project object */ = {
			isa = PBXProject;
			attributes = {
				LastUpgradeCheck = 0640;
				ORGANIZATIONNAME = knut;
				TargetAttributes = {
					72E8E7731B7B70720011FE47 = {
						CreatedOnToolsVersion = 6.4;
					};
					72E8E78B1B7B70720011FE47 = {
						CreatedOnToolsVersion = 6.4;
						TestTargetID = 72E8E7731B7B70720011FE47;
					};
				};
			};
			buildConfigurationList = 72E8E76F1B7B70720011FE47 /* Build configuration list for PBXProject "PlaceInTime" */;
			compatibilityVersion = "Xcode 3.2";
			developmentRegion = English;
			hasScannedForEncodings = 0;
			knownRegions = (
				en,
				Base,
			);
			mainGroup = 72E8E76B1B7B70720011FE47;
			productRefGroup = 72E8E7751B7B70720011FE47 /* Products */;
			projectDirPath = "";
			projectRoot = "";
			targets = (
				72E8E7731B7B70720011FE47 /* PlaceInTime */,
				72E8E78B1B7B70720011FE47 /* PlaceInTimeTests */,
			);
		};
/* End PBXProject section */

/* Begin PBXResourcesBuildPhase section */
		72E8E7721B7B70720011FE47 /* Resources */ = {
			isa = PBXResourcesBuildPhase;
			buildActionMask = 2147483647;
			files = (
				72E8E7AF1B7E03AA0011FE47 /* back.png in Resources */,
				72E8E7B11B7E6A220011FE47 /* GameData.plist in Resources */,
				72E8E7821B7B70720011FE47 /* Main.storyboard in Resources */,
				72E8E7871B7B70720011FE47 /* LaunchScreen.xib in Resources */,
				72E8E7841B7B70720011FE47 /* Images.xcassets in Resources */,
			);
			runOnlyForDeploymentPostprocessing = 0;
		};
		72E8E78A1B7B70720011FE47 /* Resources */ = {
			isa = PBXResourcesBuildPhase;
			buildActionMask = 2147483647;
			files = (
			);
			runOnlyForDeploymentPostprocessing = 0;
		};
/* End PBXResourcesBuildPhase section */

/* Begin PBXSourcesBuildPhase section */
		72E8E7701B7B70720011FE47 /* Sources */ = {
			isa = PBXSourcesBuildPhase;
			buildActionMask = 2147483647;
			files = (
				72E8E77F1B7B70720011FE47 /* MainMenuController.swift in Sources */,
				72E8E7B31B8170FC0011FE47 /* DropZoneView.swift in Sources */,
				72E8E79E1B7B73470011FE47 /* TagCheckView.swift in Sources */,
				72E8E7A91B7B7A050011FE47 /* GameStats.swift in Sources */,
				72D1928A1B8FF9F70035CE11 /* InfoHelperView.swift in Sources */,
				72E8E7A01B7B73520011FE47 /* TagCheckScrollview.swift in Sources */,
				72E8E7A51B7B75FF0011FE47 /* HistoricEvent.swift in Sources */,
				72E8E77A1B7B70720011FE47 /* AppDelegate.swift in Sources */,
				72E8E7AB1B7B7AA00011FE47 /* PlayViewController.swift in Sources */,
				72E8E7A71B7B762C0011FE47 /* StaticValues.swift in Sources */,
				72E8E7A21B7B73D90011FE47 /* DataHandler.swift in Sources */,
				72E8E77D1B7B70720011FE47 /* PlaceInTime.xcdatamodeld in Sources */,
				72E8E7AD1B7DFD220011FE47 /* Card.swift in Sources */,
			);
			runOnlyForDeploymentPostprocessing = 0;
		};
		72E8E7881B7B70720011FE47 /* Sources */ = {
			isa = PBXSourcesBuildPhase;
			buildActionMask = 2147483647;
			files = (
				72E8E7931B7B70720011FE47 /* PlaceInTimeTests.swift in Sources */,
			);
			runOnlyForDeploymentPostprocessing = 0;
		};
/* End PBXSourcesBuildPhase section */

/* Begin PBXTargetDependency section */
		72E8E78E1B7B70720011FE47 /* PBXTargetDependency */ = {
			isa = PBXTargetDependency;
			target = 72E8E7731B7B70720011FE47 /* PlaceInTime */;
			targetProxy = 72E8E78D1B7B70720011FE47 /* PBXContainerItemProxy */;
		};
/* End PBXTargetDependency section */

/* Begin PBXVariantGroup section */
		72E8E7801B7B70720011FE47 /* Main.storyboard */ = {
			isa = PBXVariantGroup;
			children = (
				72E8E7811B7B70720011FE47 /* Base */,
			);
			name = Main.storyboard;
			sourceTree = "<group>";
		};
		72E8E7851B7B70720011FE47 /* LaunchScreen.xib */ = {
			isa = PBXVariantGroup;
			children = (
				72E8E7861B7B70720011FE47 /* Base */,
			);
			name = LaunchScreen.xib;
			sourceTree = "<group>";
		};
/* End PBXVariantGroup section */

/* Begin XCBuildConfiguration section */
		72E8E7941B7B70720011FE47 /* Debug */ = {
			isa = XCBuildConfiguration;
			buildSettings = {
				ALWAYS_SEARCH_USER_PATHS = NO;
				CLANG_CXX_LANGUAGE_STANDARD = "gnu++0x";
				CLANG_CXX_LIBRARY = "libc++";
				CLANG_ENABLE_MODULES = YES;
				CLANG_ENABLE_OBJC_ARC = YES;
				CLANG_WARN_BOOL_CONVERSION = YES;
				CLANG_WARN_CONSTANT_CONVERSION = YES;
				CLANG_WARN_DIRECT_OBJC_ISA_USAGE = YES_ERROR;
				CLANG_WARN_EMPTY_BODY = YES;
				CLANG_WARN_ENUM_CONVERSION = YES;
				CLANG_WARN_INT_CONVERSION = YES;
				CLANG_WARN_OBJC_ROOT_CLASS = YES_ERROR;
				CLANG_WARN_UNREACHABLE_CODE = YES;
				CLANG_WARN__DUPLICATE_METHOD_MATCH = YES;
				"CODE_SIGN_IDENTITY[sdk=iphoneos*]" = "iPhone Developer";
				COPY_PHASE_STRIP = NO;
				DEBUG_INFORMATION_FORMAT = "dwarf-with-dsym";
				ENABLE_STRICT_OBJC_MSGSEND = YES;
				GCC_C_LANGUAGE_STANDARD = gnu99;
				GCC_DYNAMIC_NO_PIC = NO;
				GCC_NO_COMMON_BLOCKS = YES;
				GCC_OPTIMIZATION_LEVEL = 0;
				GCC_PREPROCESSOR_DEFINITIONS = (
					"DEBUG=1",
					"$(inherited)",
				);
				GCC_SYMBOLS_PRIVATE_EXTERN = NO;
				GCC_WARN_64_TO_32_BIT_CONVERSION = YES;
				GCC_WARN_ABOUT_RETURN_TYPE = YES_ERROR;
				GCC_WARN_UNDECLARED_SELECTOR = YES;
				GCC_WARN_UNINITIALIZED_AUTOS = YES_AGGRESSIVE;
				GCC_WARN_UNUSED_FUNCTION = YES;
				GCC_WARN_UNUSED_VARIABLE = YES;
				IPHONEOS_DEPLOYMENT_TARGET = 8.4;
				MTL_ENABLE_DEBUG_INFO = YES;
				ONLY_ACTIVE_ARCH = YES;
				SDKROOT = iphoneos;
				SWIFT_OPTIMIZATION_LEVEL = "-Onone";
				TARGETED_DEVICE_FAMILY = "1,2";
			};
			name = Debug;
		};
		72E8E7951B7B70720011FE47 /* Release */ = {
			isa = XCBuildConfiguration;
			buildSettings = {
				ALWAYS_SEARCH_USER_PATHS = NO;
				CLANG_CXX_LANGUAGE_STANDARD = "gnu++0x";
				CLANG_CXX_LIBRARY = "libc++";
				CLANG_ENABLE_MODULES = YES;
				CLANG_ENABLE_OBJC_ARC = YES;
				CLANG_WARN_BOOL_CONVERSION = YES;
				CLANG_WARN_CONSTANT_CONVERSION = YES;
				CLANG_WARN_DIRECT_OBJC_ISA_USAGE = YES_ERROR;
				CLANG_WARN_EMPTY_BODY = YES;
				CLANG_WARN_ENUM_CONVERSION = YES;
				CLANG_WARN_INT_CONVERSION = YES;
				CLANG_WARN_OBJC_ROOT_CLASS = YES_ERROR;
				CLANG_WARN_UNREACHABLE_CODE = YES;
				CLANG_WARN__DUPLICATE_METHOD_MATCH = YES;
				"CODE_SIGN_IDENTITY[sdk=iphoneos*]" = "iPhone Developer";
				COPY_PHASE_STRIP = NO;
				DEBUG_INFORMATION_FORMAT = "dwarf-with-dsym";
				ENABLE_NS_ASSERTIONS = NO;
				ENABLE_STRICT_OBJC_MSGSEND = YES;
				GCC_C_LANGUAGE_STANDARD = gnu99;
				GCC_NO_COMMON_BLOCKS = YES;
				GCC_WARN_64_TO_32_BIT_CONVERSION = YES;
				GCC_WARN_ABOUT_RETURN_TYPE = YES_ERROR;
				GCC_WARN_UNDECLARED_SELECTOR = YES;
				GCC_WARN_UNINITIALIZED_AUTOS = YES_AGGRESSIVE;
				GCC_WARN_UNUSED_FUNCTION = YES;
				GCC_WARN_UNUSED_VARIABLE = YES;
				IPHONEOS_DEPLOYMENT_TARGET = 8.4;
				MTL_ENABLE_DEBUG_INFO = NO;
				SDKROOT = iphoneos;
				TARGETED_DEVICE_FAMILY = "1,2";
				VALIDATE_PRODUCT = YES;
			};
			name = Release;
		};
		72E8E7971B7B70720011FE47 /* Debug */ = {
			isa = XCBuildConfiguration;
			buildSettings = {
				ASSETCATALOG_COMPILER_APPICON_NAME = AppIcon;
				INFOPLIST_FILE = PlaceInTime/Info.plist;
				IPHONEOS_DEPLOYMENT_TARGET = 8.1;
				LD_RUNPATH_SEARCH_PATHS = "$(inherited) @executable_path/Frameworks";
				PRODUCT_NAME = "$(TARGET_NAME)";
			};
			name = Debug;
		};
		72E8E7981B7B70720011FE47 /* Release */ = {
			isa = XCBuildConfiguration;
			buildSettings = {
				ASSETCATALOG_COMPILER_APPICON_NAME = AppIcon;
				INFOPLIST_FILE = PlaceInTime/Info.plist;
				IPHONEOS_DEPLOYMENT_TARGET = 8.1;
				LD_RUNPATH_SEARCH_PATHS = "$(inherited) @executable_path/Frameworks";
				PRODUCT_NAME = "$(TARGET_NAME)";
			};
			name = Release;
		};
		72E8E79A1B7B70720011FE47 /* Debug */ = {
			isa = XCBuildConfiguration;
			buildSettings = {
				BUNDLE_LOADER = "$(TEST_HOST)";
				FRAMEWORK_SEARCH_PATHS = (
					"$(SDKROOT)/Developer/Library/Frameworks",
					"$(inherited)",
				);
				GCC_PREPROCESSOR_DEFINITIONS = (
					"DEBUG=1",
					"$(inherited)",
				);
				INFOPLIST_FILE = PlaceInTimeTests/Info.plist;
				LD_RUNPATH_SEARCH_PATHS = "$(inherited) @executable_path/Frameworks @loader_path/Frameworks";
				PRODUCT_NAME = "$(TARGET_NAME)";
				TEST_HOST = "$(BUILT_PRODUCTS_DIR)/PlaceInTime.app/PlaceInTime";
			};
			name = Debug;
		};
		72E8E79B1B7B70720011FE47 /* Release */ = {
			isa = XCBuildConfiguration;
			buildSettings = {
				BUNDLE_LOADER = "$(TEST_HOST)";
				FRAMEWORK_SEARCH_PATHS = (
					"$(SDKROOT)/Developer/Library/Frameworks",
					"$(inherited)",
				);
				INFOPLIST_FILE = PlaceInTimeTests/Info.plist;
				LD_RUNPATH_SEARCH_PATHS = "$(inherited) @executable_path/Frameworks @loader_path/Frameworks";
				PRODUCT_NAME = "$(TARGET_NAME)";
				TEST_HOST = "$(BUILT_PRODUCTS_DIR)/PlaceInTime.app/PlaceInTime";
			};
			name = Release;
		};
/* End XCBuildConfiguration section */

/* Begin XCConfigurationList section */
		72E8E76F1B7B70720011FE47 /* Build configuration list for PBXProject "PlaceInTime" */ = {
			isa = XCConfigurationList;
			buildConfigurations = (
				72E8E7941B7B70720011FE47 /* Debug */,
				72E8E7951B7B70720011FE47 /* Release */,
			);
			defaultConfigurationIsVisible = 0;
			defaultConfigurationName = Release;
		};
		72E8E7961B7B70720011FE47 /* Build configuration list for PBXNativeTarget "PlaceInTime" */ = {
			isa = XCConfigurationList;
			buildConfigurations = (
				72E8E7971B7B70720011FE47 /* Debug */,
				72E8E7981B7B70720011FE47 /* Release */,
			);
			defaultConfigurationIsVisible = 0;
			defaultConfigurationName = Release;
		};
		72E8E7991B7B70720011FE47 /* Build configuration list for PBXNativeTarget "PlaceInTimeTests" */ = {
			isa = XCConfigurationList;
			buildConfigurations = (
				72E8E79A1B7B70720011FE47 /* Debug */,
				72E8E79B1B7B70720011FE47 /* Release */,
			);
			defaultConfigurationIsVisible = 0;
			defaultConfigurationName = Release;
		};
/* End XCConfigurationList section */

/* Begin XCVersionGroup section */
		72E8E77B1B7B70720011FE47 /* PlaceInTime.xcdatamodeld */ = {
			isa = XCVersionGroup;
			children = (
				72E8E77C1B7B70720011FE47 /* PlaceInTime.xcdatamodel */,
			);
			currentVersion = 72E8E77C1B7B70720011FE47 /* PlaceInTime.xcdatamodel */;
			path = PlaceInTime.xcdatamodeld;
			sourceTree = "<group>";
			versionGroupType = wrapper.xcdatamodel;
		};
/* End XCVersionGroup section */
	};
	rootObject = 72E8E76C1B7B70720011FE47 /* Project object */;
}
